
Microsoft Visual Studio Solution File, Format Version 12.00
# Visual Studio Version 17
VisualStudioVersion = 17.12.35707.178
MinimumVisualStudioVersion = 10.0.40219.1
Project("{FAE04EC0-301F-11D3-BF4B-00C04F79EFBC}") = "TaodiDisplay", "TaodiDisplay\TaodiDisplay.csproj", "{051AE0DF-19F7-4C86-849C-C349E94D35CA}"
EndProject
Project("{2150E333-8FDC-42A3-9474-1A3956D46DE8}") = "Solution Items", "Solution Items", "{B4CC57BB-EA4E-4DCB-AA24-0DFFA238AE71}"
	ProjectSection(SolutionItems) = preProject
		.gitignore = .gitignore
		Directory.Build.props = Directory.Build.props
		Directory.Build.targets = Directory.Build.targets
		Directory.Packages.props = Directory.Packages.props
		global.json = global.json
	EndProjectSection
EndProject
Project("{FAE04EC0-301F-11D3-BF4B-00C04F79EFBC}") = "ConsoleApp1", "ConsoleApp1\ConsoleApp1.csproj", "{1936690C-E320-4A8D-A4EB-D5D09F9455DD}"
EndProject
Project("{FAE04EC0-301F-11D3-BF4B-00C04F79EFBC}") = "TaodiZhifa", "TaodiZhifa\TaodiZhifa.csproj", "{FAB6B3E1-8D96-408F-AB82-6FD1B7BDB533}"
EndProject
Project("{FAE04EC0-301F-11D3-BF4B-00C04F79EFBC}") = "Core", "..\NMNEditor\Core\Core.csproj", "{B707B1A2-213C-4179-BE73-DFDBB2B22404}"
EndProject
Global
	GlobalSection(SolutionConfigurationPlatforms) = preSolution
		Debug|Any CPU = Debug|Any CPU
		Release|Any CPU = Release|Any CPU
	EndGlobalSection
	GlobalSection(ProjectConfigurationPlatforms) = postSolution
		{051AE0DF-19F7-4C86-849C-C349E94D35CA}.Debug|Any CPU.ActiveCfg = Debug|Any CPU
		{051AE0DF-19F7-4C86-849C-C349E94D35CA}.Debug|Any CPU.Build.0 = Debug|Any CPU
		{051AE0DF-19F7-4C86-849C-C349E94D35CA}.Debug|Any CPU.Deploy.0 = Debug|Any CPU
		{051AE0DF-19F7-4C86-849C-C349E94D35CA}.Release|Any CPU.ActiveCfg = Release|Any CPU
		{051AE0DF-19F7-4C86-849C-C349E94D35CA}.Release|Any CPU.Build.0 = Release|Any CPU
		{051AE0DF-19F7-4C86-849C-C349E94D35CA}.Release|Any CPU.Deploy.0 = Release|Any CPU
		{1936690C-E320-4A8D-A4EB-D5D09F9455DD}.Debug|Any CPU.ActiveCfg = Debug|Any CPU
		{1936690C-E320-4A8D-A4EB-D5D09F9455DD}.Debug|Any CPU.Build.0 = Debug|Any CPU
		{1936690C-E320-4A8D-A4EB-D5D09F9455DD}.Release|Any CPU.ActiveCfg = Release|Any CPU
		{1936690C-E320-4A8D-A4EB-D5D09F9455DD}.Release|Any CPU.Build.0 = Release|Any CPU
		{FAB6B3E1-8D96-408F-AB82-6FD1B7BDB533}.Debug|Any CPU.ActiveCfg = Debug|Any CPU
		{FAB6B3E1-8D96-408F-AB82-6FD1B7BDB533}.Debug|Any CPU.Build.0 = Debug|Any CPU
		{FAB6B3E1-8D96-408F-AB82-6FD1B7BDB533}.Release|Any CPU.ActiveCfg = Release|Any CPU
		{FAB6B3E1-8D96-408F-AB82-6FD1B7BDB533}.Release|Any CPU.Build.0 = Release|Any CPU
		{B707B1A2-213C-4179-BE73-DFDBB2B22404}.Debug|Any CPU.ActiveCfg = Debug|Any CPU
		{B707B1A2-213C-4179-BE73-DFDBB2B22404}.Debug|Any CPU.Build.0 = Debug|Any CPU
		{B707B1A2-213C-4179-BE73-DFDBB2B22404}.Release|Any CPU.ActiveCfg = Release|Any CPU
		{B707B1A2-213C-4179-BE73-DFDBB2B22404}.Release|Any CPU.Build.0 = Release|Any CPU
	EndGlobalSection
	GlobalSection(SolutionProperties) = preSolution
		HideSolutionNode = FALSE
	EndGlobalSection
EndGlobal
